// !$*UTF8*$!
{
	archiveVersion = 1;
	classes = {
	};
	objectVersion = 55;
	objects = {

/* Begin PBXBuildFile section */
		1BDD596242A482EE72D6A74D /* Pods_ToDoApp.framework in Frameworks */ = {isa = PBXBuildFile; fileRef = CC621E0E3BD0F4B4C6349EFD /* Pods_ToDoApp.framework */; };
		5EB0BF51283D33D6001C68FF /* RealmManager.swift in Sources */ = {isa = PBXBuildFile; fileRef = 5EB0BF50283D33D6001C68FF /* RealmManager.swift */; };
		5EB0BF53283EBB9B001C68FF /* CategoryPresenter.swift in Sources */ = {isa = PBXBuildFile; fileRef = 5EB0BF52283EBB9B001C68FF /* CategoryPresenter.swift */; };
		5EB8895A281E918600C3FCAA /* AppDelegate.swift in Sources */ = {isa = PBXBuildFile; fileRef = 5EB88959281E918600C3FCAA /* AppDelegate.swift */; };
		5EB8895C281E918600C3FCAA /* SceneDelegate.swift in Sources */ = {isa = PBXBuildFile; fileRef = 5EB8895B281E918600C3FCAA /* SceneDelegate.swift */; };
		5EB8895E281E918600C3FCAA /* ToDoListViewController.swift in Sources */ = {isa = PBXBuildFile; fileRef = 5EB8895D281E918600C3FCAA /* ToDoListViewController.swift */; };
		5EB88963281E918C00C3FCAA /* Assets.xcassets in Resources */ = {isa = PBXBuildFile; fileRef = 5EB88962281E918C00C3FCAA /* Assets.xcassets */; };
		5EB88966281E918C00C3FCAA /* LaunchScreen.storyboard in Resources */ = {isa = PBXBuildFile; fileRef = 5EB88964281E918C00C3FCAA /* LaunchScreen.storyboard */; };
		5EB8896E281E982000C3FCAA /* ToDoListView.swift in Sources */ = {isa = PBXBuildFile; fileRef = 5EB8896D281E982000C3FCAA /* ToDoListView.swift */; };
		5EB88970281EB70A00C3FCAA /* ToDoListCell.swift in Sources */ = {isa = PBXBuildFile; fileRef = 5EB8896F281EB70A00C3FCAA /* ToDoListCell.swift */; };
		5EB8897C28252B7200C3FCAA /* CategoryViewController.swift in Sources */ = {isa = PBXBuildFile; fileRef = 5EB8897B28252B7200C3FCAA /* CategoryViewController.swift */; };
		5EB8897E28252CBA00C3FCAA /* CategoryView.swift in Sources */ = {isa = PBXBuildFile; fileRef = 5EB8897D28252CBA00C3FCAA /* CategoryView.swift */; };
		5EB8898028252FAB00C3FCAA /* CategoryCell.swift in Sources */ = {isa = PBXBuildFile; fileRef = 5EB8897F28252FAB00C3FCAA /* CategoryCell.swift */; };
		5EB889842826DE5A00C3FCAA /* Item.swift in Sources */ = {isa = PBXBuildFile; fileRef = 5EB889832826DE5A00C3FCAA /* Item.swift */; };
		5EB889862826DE6700C3FCAA /* Category.swift in Sources */ = {isa = PBXBuildFile; fileRef = 5EB889852826DE6700C3FCAA /* Category.swift */; };
/* End PBXBuildFile section */

/* Begin PBXFileReference section */
		25E19BE7802BB81D8D85E0A9 /* Pods-ToDoApp.debug.xcconfig */ = {isa = PBXFileReference; includeInIndex = 1; lastKnownFileType = text.xcconfig; name = "Pods-ToDoApp.debug.xcconfig"; path = "Target Support Files/Pods-ToDoApp/Pods-ToDoApp.debug.xcconfig"; sourceTree = "<group>"; };
		5EB0BF50283D33D6001C68FF /* RealmManager.swift */ = {isa = PBXFileReference; lastKnownFileType = sourcecode.swift; path = RealmManager.swift; sourceTree = "<group>"; };
		5EB0BF52283EBB9B001C68FF /* CategoryPresenter.swift */ = {isa = PBXFileReference; lastKnownFileType = sourcecode.swift; path = CategoryPresenter.swift; sourceTree = "<group>"; };
		5EB88956281E918600C3FCAA /* ToDoApp.app */ = {isa = PBXFileReference; explicitFileType = wrapper.application; includeInIndex = 0; path = ToDoApp.app; sourceTree = BUILT_PRODUCTS_DIR; };
		5EB88959281E918600C3FCAA /* AppDelegate.swift */ = {isa = PBXFileReference; lastKnownFileType = sourcecode.swift; path = AppDelegate.swift; sourceTree = "<group>"; };
		5EB8895B281E918600C3FCAA /* SceneDelegate.swift */ = {isa = PBXFileReference; lastKnownFileType = sourcecode.swift; path = SceneDelegate.swift; sourceTree = "<group>"; };
		5EB8895D281E918600C3FCAA /* ToDoListViewController.swift */ = {isa = PBXFileReference; lastKnownFileType = sourcecode.swift; path = ToDoListViewController.swift; sourceTree = "<group>"; };
		5EB88962281E918C00C3FCAA /* Assets.xcassets */ = {isa = PBXFileReference; lastKnownFileType = folder.assetcatalog; path = Assets.xcassets; sourceTree = "<group>"; };
		5EB88965281E918C00C3FCAA /* Base */ = {isa = PBXFileReference; lastKnownFileType = file.storyboard; name = Base; path = Base.lproj/LaunchScreen.storyboard; sourceTree = "<group>"; };
		5EB88967281E918C00C3FCAA /* Info.plist */ = {isa = PBXFileReference; lastKnownFileType = text.plist.xml; path = Info.plist; sourceTree = "<group>"; };
		5EB8896D281E982000C3FCAA /* ToDoListView.swift */ = {isa = PBXFileReference; lastKnownFileType = sourcecode.swift; path = ToDoListView.swift; sourceTree = "<group>"; };
		5EB8896F281EB70A00C3FCAA /* ToDoListCell.swift */ = {isa = PBXFileReference; lastKnownFileType = sourcecode.swift; path = ToDoListCell.swift; sourceTree = "<group>"; };
		5EB8897B28252B7200C3FCAA /* CategoryViewController.swift */ = {isa = PBXFileReference; lastKnownFileType = sourcecode.swift; path = CategoryViewController.swift; sourceTree = "<group>"; };
		5EB8897D28252CBA00C3FCAA /* CategoryView.swift */ = {isa = PBXFileReference; lastKnownFileType = sourcecode.swift; path = CategoryView.swift; sourceTree = "<group>"; };
		5EB8897F28252FAB00C3FCAA /* CategoryCell.swift */ = {isa = PBXFileReference; lastKnownFileType = sourcecode.swift; path = CategoryCell.swift; sourceTree = "<group>"; };
		5EB889832826DE5A00C3FCAA /* Item.swift */ = {isa = PBXFileReference; lastKnownFileType = sourcecode.swift; path = Item.swift; sourceTree = "<group>"; };
		5EB889852826DE6700C3FCAA /* Category.swift */ = {isa = PBXFileReference; lastKnownFileType = sourcecode.swift; path = Category.swift; sourceTree = "<group>"; };
		B9782E450D3ED1C0ED9A6B15 /* Pods-ToDoApp.release.xcconfig */ = {isa = PBXFileReference; includeInIndex = 1; lastKnownFileType = text.xcconfig; name = "Pods-ToDoApp.release.xcconfig"; path = "Target Support Files/Pods-ToDoApp/Pods-ToDoApp.release.xcconfig"; sourceTree = "<group>"; };
		CC621E0E3BD0F4B4C6349EFD /* Pods_ToDoApp.framework */ = {isa = PBXFileReference; explicitFileType = wrapper.framework; includeInIndex = 0; path = Pods_ToDoApp.framework; sourceTree = BUILT_PRODUCTS_DIR; };
/* End PBXFileReference section */

/* Begin PBXFrameworksBuildPhase section */
		5EB88953281E918600C3FCAA /* Frameworks */ = {
			isa = PBXFrameworksBuildPhase;
			buildActionMask = 2147483647;
			files = (
				1BDD596242A482EE72D6A74D /* Pods_ToDoApp.framework in Frameworks */,
			);
			runOnlyForDeploymentPostprocessing = 0;
		};
/* End PBXFrameworksBuildPhase section */

/* Begin PBXGroup section */
		5132506596FB1098F15995B8 /* Frameworks */ = {
			isa = PBXGroup;
			children = (
				CC621E0E3BD0F4B4C6349EFD /* Pods_ToDoApp.framework */,
			);
			name = Frameworks;
			sourceTree = "<group>";
		};
		5E7EEE4F2847D57F00DCC37B /* App */ = {
			isa = PBXGroup;
			children = (
				5EB88959281E918600C3FCAA /* AppDelegate.swift */,
				5EB8895B281E918600C3FCAA /* SceneDelegate.swift */,
			);
			path = App;
			sourceTree = "<group>";
		};
		5E7EEE502847D5B200DCC37B /* Presenter */ = {
			isa = PBXGroup;
			children = (
			);
			path = Presenter;
			sourceTree = "<group>";
		};
		5E7EEE512847D5BC00DCC37B /* View */ = {
			isa = PBXGroup;
			children = (
			);
			path = View;
			sourceTree = "<group>";
		};
		5E7EEE522847D5C800DCC37B /* Model */ = {
			isa = PBXGroup;
			children = (
			);
			path = Model;
			sourceTree = "<group>";
		};
		5EB8894D281E918600C3FCAA = {
			isa = PBXGroup;
			children = (
				5EB88958281E918600C3FCAA /* ToDoApp */,
				5EB88957281E918600C3FCAA /* Products */,
				5F530012624DEA9C549F9EF5 /* Pods */,
				5132506596FB1098F15995B8 /* Frameworks */,
			);
			sourceTree = "<group>";
		};
		5EB88957281E918600C3FCAA /* Products */ = {
			isa = PBXGroup;
			children = (
				5EB88956281E918600C3FCAA /* ToDoApp.app */,
			);
			name = Products;
			sourceTree = "<group>";
		};
		5EB88958281E918600C3FCAA /* ToDoApp */ = {
			isa = PBXGroup;
			children = (
				5E7EEE4F2847D57F00DCC37B /* App */,
				5E7EEE502847D5B200DCC37B /* Presenter */,
				5E7EEE512847D5BC00DCC37B /* View */,
				5E7EEE522847D5C800DCC37B /* Model */,
				5EB8897A28252B2700C3FCAA /* Category */,
				5EB88974281F0DBF00C3FCAA /* ToDoList */,
				5EB88973281F0D5500C3FCAA /* Data Model */,
				5EB88976281F0DFE00C3FCAA /* Views */,
				5EB88975281F0DDB00C3FCAA /* Supporting files */,
				5EB88967281E918C00C3FCAA /* Info.plist */,
			);
			path = ToDoApp;
			sourceTree = "<group>";
		};
		5EB88973281F0D5500C3FCAA /* Data Model */ = {
			isa = PBXGroup;
			children = (
				5EB889852826DE6700C3FCAA /* Category.swift */,
				5EB889832826DE5A00C3FCAA /* Item.swift */,
				5EB0BF50283D33D6001C68FF /* RealmManager.swift */,
			);
			path = "Data Model";
			sourceTree = "<group>";
		};
		5EB88974281F0DBF00C3FCAA /* ToDoList */ = {
			isa = PBXGroup;
			children = (
				5EB8895D281E918600C3FCAA /* ToDoListViewController.swift */,
				5EB8896D281E982000C3FCAA /* ToDoListView.swift */,
				5EB8896F281EB70A00C3FCAA /* ToDoListCell.swift */,
			);
			path = ToDoList;
			sourceTree = "<group>";
		};
		5EB88975281F0DDB00C3FCAA /* Supporting files */ = {
			isa = PBXGroup;
			children = (
				5EB88962281E918C00C3FCAA /* Assets.xcassets */,
				5EB88964281E918C00C3FCAA /* LaunchScreen.storyboard */,
			);
			path = "Supporting files";
			sourceTree = "<group>";
		};
		5EB88976281F0DFE00C3FCAA /* Views */ = {
			isa = PBXGroup;
			children = (
			);
			path = Views;
			sourceTree = "<group>";
		};
		5EB8897A28252B2700C3FCAA /* Category */ = {
			isa = PBXGroup;
			children = (
				5EB8897B28252B7200C3FCAA /* CategoryViewController.swift */,
				5EB0BF52283EBB9B001C68FF /* CategoryPresenter.swift */,
				5EB8897D28252CBA00C3FCAA /* CategoryView.swift */,
				5EB8897F28252FAB00C3FCAA /* CategoryCell.swift */,
			);
			path = Category;
			sourceTree = "<group>";
		};
		5F530012624DEA9C549F9EF5 /* Pods */ = {
			isa = PBXGroup;
			children = (
				25E19BE7802BB81D8D85E0A9 /* Pods-ToDoApp.debug.xcconfig */,
				B9782E450D3ED1C0ED9A6B15 /* Pods-ToDoApp.release.xcconfig */,
			);
			path = Pods;
			sourceTree = "<group>";
		};
/* End PBXGroup section */

/* Begin PBXNativeTarget section */
		5EB88955281E918600C3FCAA /* ToDoApp */ = {
			isa = PBXNativeTarget;
			buildConfigurationList = 5EB8896A281E918C00C3FCAA /* Build configuration list for PBXNativeTarget "ToDoApp" */;
			buildPhases = (
				B8ED481D9E7896A83C022940 /* [CP] Check Pods Manifest.lock */,
				5EB88952281E918600C3FCAA /* Sources */,
				5EB88953281E918600C3FCAA /* Frameworks */,
				5EB88954281E918600C3FCAA /* Resources */,
				B316945761AB9A3EED91A8DF /* [CP] Embed Pods Frameworks */,
			);
			buildRules = (
			);
			dependencies = (
			);
			name = ToDoApp;
			productName = ToDoApp;
			productReference = 5EB88956281E918600C3FCAA /* ToDoApp.app */;
			productType = "com.apple.product-type.application";
		};
/* End PBXNativeTarget section */

/* Begin PBXProject section */
		5EB8894E281E918600C3FCAA /* Project object */ = {
			isa = PBXProject;
			attributes = {
				BuildIndependentTargetsInParallel = 1;
				LastSwiftUpdateCheck = 1320;
				LastUpgradeCheck = 1320;
				TargetAttributes = {
					5EB88955281E918600C3FCAA = {
						CreatedOnToolsVersion = 13.2.1;
					};
				};
			};
			buildConfigurationList = 5EB88951281E918600C3FCAA /* Build configuration list for PBXProject "ToDoApp" */;
			compatibilityVersion = "Xcode 13.0";
			developmentRegion = en;
			hasScannedForEncodings = 0;
			knownRegions = (
				en,
				Base,
			);
			mainGroup = 5EB8894D281E918600C3FCAA;
			productRefGroup = 5EB88957281E918600C3FCAA /* Products */;
			projectDirPath = "";
			projectRoot = "";
			targets = (
				5EB88955281E918600C3FCAA /* ToDoApp */,
			);
		};
/* End PBXProject section */

/* Begin PBXResourcesBuildPhase section */
		5EB88954281E918600C3FCAA /* Resources */ = {
			isa = PBXResourcesBuildPhase;
			buildActionMask = 2147483647;
			files = (
				5EB88966281E918C00C3FCAA /* LaunchScreen.storyboard in Resources */,
				5EB88963281E918C00C3FCAA /* Assets.xcassets in Resources */,
			);
			runOnlyForDeploymentPostprocessing = 0;
		};
/* End PBXResourcesBuildPhase section */

/* Begin PBXShellScriptBuildPhase section */
		B316945761AB9A3EED91A8DF /* [CP] Embed Pods Frameworks */ = {
			isa = PBXShellScriptBuildPhase;
			buildActionMask = 2147483647;
			files = (
			);
			inputFileListPaths = (
				"${PODS_ROOT}/Target Support Files/Pods-ToDoApp/Pods-ToDoApp-frameworks-${CONFIGURATION}-input-files.xcfilelist",
			);
			name = "[CP] Embed Pods Frameworks";
			outputFileListPaths = (
				"${PODS_ROOT}/Target Support Files/Pods-ToDoApp/Pods-ToDoApp-frameworks-${CONFIGURATION}-output-files.xcfilelist",
			);
			runOnlyForDeploymentPostprocessing = 0;
			shellPath = /bin/sh;
			shellScript = "\"${PODS_ROOT}/Target Support Files/Pods-ToDoApp/Pods-ToDoApp-frameworks.sh\"\n";
			showEnvVarsInLog = 0;
		};
		B8ED481D9E7896A83C022940 /* [CP] Check Pods Manifest.lock */ = {
			isa = PBXShellScriptBuildPhase;
			buildActionMask = 2147483647;
			files = (
			);
			inputFileListPaths = (
			);
			inputPaths = (
				"${PODS_PODFILE_DIR_PATH}/Podfile.lock",
				"${PODS_ROOT}/Manifest.lock",
			);
			name = "[CP] Check Pods Manifest.lock";
			outputFileListPaths = (
			);
			outputPaths = (
				"$(DERIVED_FILE_DIR)/Pods-ToDoApp-checkManifestLockResult.txt",
			);
			runOnlyForDeploymentPostprocessing = 0;
			shellPath = /bin/sh;
			shellScript = "diff \"${PODS_PODFILE_DIR_PATH}/Podfile.lock\" \"${PODS_ROOT}/Manifest.lock\" > /dev/null\nif [ $? != 0 ] ; then\n    # print error to STDERR\n    echo \"error: The sandbox is not in sync with the Podfile.lock. Run 'pod install' or update your CocoaPods installation.\" >&2\n    exit 1\nfi\n# This output is used by Xcode 'outputs' to avoid re-running this script phase.\necho \"SUCCESS\" > \"${SCRIPT_OUTPUT_FILE_0}\"\n";
			showEnvVarsInLog = 0;
		};
/* End PBXShellScriptBuildPhase section */

/* Begin PBXSourcesBuildPhase section */
		5EB88952281E918600C3FCAA /* Sources */ = {
			isa = PBXSourcesBuildPhase;
			buildActionMask = 2147483647;
			files = (
				5EB889842826DE5A00C3FCAA /* Item.swift in Sources */,
				5EB8895E281E918600C3FCAA /* ToDoListViewController.swift in Sources */,
				5EB0BF51283D33D6001C68FF /* RealmManager.swift in Sources */,
				5EB8896E281E982000C3FCAA /* ToDoListView.swift in Sources */,
				5EB0BF53283EBB9B001C68FF /* CategoryPresenter.swift in Sources */,
				5EB8897C28252B7200C3FCAA /* CategoryViewController.swift in Sources */,
				5EB8895A281E918600C3FCAA /* AppDelegate.swift in Sources */,
				5EB8898028252FAB00C3FCAA /* CategoryCell.swift in Sources */,
				5EB88970281EB70A00C3FCAA /* ToDoListCell.swift in Sources */,
				5EB8897E28252CBA00C3FCAA /* CategoryView.swift in Sources */,
				5EB8895C281E918600C3FCAA /* SceneDelegate.swift in Sources */,
				5EB889862826DE6700C3FCAA /* Category.swift in Sources */,
			);
			runOnlyForDeploymentPostprocessing = 0;
		};
/* End PBXSourcesBuildPhase section */

/* Begin PBXVariantGroup section */
		5EB88964281E918C00C3FCAA /* LaunchScreen.storyboard */ = {
			isa = PBXVariantGroup;
			children = (
				5EB88965281E918C00C3FCAA /* Base */,
			);
			name = LaunchScreen.storyboard;
			sourceTree = "<group>";
		};
/* End PBXVariantGroup section */

/* Begin XCBuildConfiguration section */
		5EB88968281E918C00C3FCAA /* Debug */ = {
			isa = XCBuildConfiguration;
			buildSettings = {
				ALWAYS_SEARCH_USER_PATHS = NO;
				CLANG_ANALYZER_NONNULL = YES;
				CLANG_ANALYZER_NUMBER_OBJECT_CONVERSION = YES_AGGRESSIVE;
				CLANG_CXX_LANGUAGE_STANDARD = "gnu++17";
				CLANG_CXX_LIBRARY = "libc++";
				CLANG_ENABLE_MODULES = YES;
				CLANG_ENABLE_OBJC_ARC = YES;
				CLANG_ENABLE_OBJC_WEAK = YES;
				CLANG_WARN_BLOCK_CAPTURE_AUTORELEASING = YES;
				CLANG_WARN_BOOL_CONVERSION = YES;
				CLANG_WARN_COMMA = YES;
				CLANG_WARN_CONSTANT_CONVERSION = YES;
				CLANG_WARN_DEPRECATED_OBJC_IMPLEMENTATIONS = YES;
				CLANG_WARN_DIRECT_OBJC_ISA_USAGE = YES_ERROR;
				CLANG_WARN_DOCUMENTATION_COMMENTS = YES;
				CLANG_WARN_EMPTY_BODY = YES;
				CLANG_WARN_ENUM_CONVERSION = YES;
				CLANG_WARN_INFINITE_RECURSION = YES;
				CLANG_WARN_INT_CONVERSION = YES;
				CLANG_WARN_NON_LITERAL_NULL_CONVERSION = YES;
				CLANG_WARN_OBJC_IMPLICIT_RETAIN_SELF = YES;
				CLANG_WARN_OBJC_LITERAL_CONVERSION = YES;
				CLANG_WARN_OBJC_ROOT_CLASS = YES_ERROR;
				CLANG_WARN_QUOTED_INCLUDE_IN_FRAMEWORK_HEADER = YES;
				CLANG_WARN_RANGE_LOOP_ANALYSIS = YES;
				CLANG_WARN_STRICT_PROTOTYPES = YES;
				CLANG_WARN_SUSPICIOUS_MOVE = YES;
				CLANG_WARN_UNGUARDED_AVAILABILITY = YES_AGGRESSIVE;
				CLANG_WARN_UNREACHABLE_CODE = YES;
				CLANG_WARN__DUPLICATE_METHOD_MATCH = YES;
				COPY_PHASE_STRIP = NO;
				DEBUG_INFORMATION_FORMAT = dwarf;
				ENABLE_STRICT_OBJC_MSGSEND = YES;
				ENABLE_TESTABILITY = YES;
				GCC_C_LANGUAGE_STANDARD = gnu11;
				GCC_DYNAMIC_NO_PIC = NO;
				GCC_NO_COMMON_BLOCKS = YES;
				GCC_OPTIMIZATION_LEVEL = 0;
				GCC_PREPROCESSOR_DEFINITIONS = (
					"DEBUG=1",
					"$(inherited)",
				);
				GCC_WARN_64_TO_32_BIT_CONVERSION = YES;
				GCC_WARN_ABOUT_RETURN_TYPE = YES_ERROR;
				GCC_WARN_UNDECLARED_SELECTOR = YES;
				GCC_WARN_UNINITIALIZED_AUTOS = YES_AGGRESSIVE;
				GCC_WARN_UNUSED_FUNCTION = YES;
				GCC_WARN_UNUSED_VARIABLE = YES;
				IPHONEOS_DEPLOYMENT_TARGET = 15.2;
				MTL_ENABLE_DEBUG_INFO = INCLUDE_SOURCE;
				MTL_FAST_MATH = YES;
				ONLY_ACTIVE_ARCH = YES;
				SDKROOT = iphoneos;
				SWIFT_ACTIVE_COMPILATION_CONDITIONS = DEBUG;
				SWIFT_OPTIMIZATION_LEVEL = "-Onone";
			};
			name = Debug;
		};
		5EB88969281E918C00C3FCAA /* Release */ = {
			isa = XCBuildConfiguration;
			buildSettings = {
				ALWAYS_SEARCH_USER_PATHS = NO;
				CLANG_ANALYZER_NONNULL = YES;
				CLANG_ANALYZER_NUMBER_OBJECT_CONVERSION = YES_AGGRESSIVE;
				CLANG_CXX_LANGUAGE_STANDARD = "gnu++17";
				CLANG_CXX_LIBRARY = "libc++";
				CLANG_ENABLE_MODULES = YES;
				CLANG_ENABLE_OBJC_ARC = YES;
				CLANG_ENABLE_OBJC_WEAK = YES;
				CLANG_WARN_BLOCK_CAPTURE_AUTORELEASING = YES;
				CLANG_WARN_BOOL_CONVERSION = YES;
				CLANG_WARN_COMMA = YES;
				CLANG_WARN_CONSTANT_CONVERSION = YES;
				CLANG_WARN_DEPRECATED_OBJC_IMPLEMENTATIONS = YES;
				CLANG_WARN_DIRECT_OBJC_ISA_USAGE = YES_ERROR;
				CLANG_WARN_DOCUMENTATION_COMMENTS = YES;
				CLANG_WARN_EMPTY_BODY = YES;
				CLANG_WARN_ENUM_CONVERSION = YES;
				CLANG_WARN_INFINITE_RECURSION = YES;
				CLANG_WARN_INT_CONVERSION = YES;
				CLANG_WARN_NON_LITERAL_NULL_CONVERSION = YES;
				CLANG_WARN_OBJC_IMPLICIT_RETAIN_SELF = YES;
				CLANG_WARN_OBJC_LITERAL_CONVERSION = YES;
				CLANG_WARN_OBJC_ROOT_CLASS = YES_ERROR;
				CLANG_WARN_QUOTED_INCLUDE_IN_FRAMEWORK_HEADER = YES;
				CLANG_WARN_RANGE_LOOP_ANALYSIS = YES;
				CLANG_WARN_STRICT_PROTOTYPES = YES;
				CLANG_WARN_SUSPICIOUS_MOVE = YES;
				CLANG_WARN_UNGUARDED_AVAILABILITY = YES_AGGRESSIVE;
				CLANG_WARN_UNREACHABLE_CODE = YES;
				CLANG_WARN__DUPLICATE_METHOD_MATCH = YES;
				COPY_PHASE_STRIP = NO;
				DEBUG_INFORMATION_FORMAT = "dwarf-with-dsym";
				ENABLE_NS_ASSERTIONS = NO;
				ENABLE_STRICT_OBJC_MSGSEND = YES;
				GCC_C_LANGUAGE_STANDARD = gnu11;
				GCC_NO_COMMON_BLOCKS = YES;
				GCC_WARN_64_TO_32_BIT_CONVERSION = YES;
				GCC_WARN_ABOUT_RETURN_TYPE = YES_ERROR;
				GCC_WARN_UNDECLARED_SELECTOR = YES;
				GCC_WARN_UNINITIALIZED_AUTOS = YES_AGGRESSIVE;
				GCC_WARN_UNUSED_FUNCTION = YES;
				GCC_WARN_UNUSED_VARIABLE = YES;
				IPHONEOS_DEPLOYMENT_TARGET = 15.2;
				MTL_ENABLE_DEBUG_INFO = NO;
				MTL_FAST_MATH = YES;
				SDKROOT = iphoneos;
				SWIFT_COMPILATION_MODE = wholemodule;
				SWIFT_OPTIMIZATION_LEVEL = "-O";
				VALIDATE_PRODUCT = YES;
			};
			name = Release;
		};
		5EB8896B281E918C00C3FCAA /* Debug */ = {
			isa = XCBuildConfiguration;
			baseConfigurationReference = 25E19BE7802BB81D8D85E0A9 /* Pods-ToDoApp.debug.xcconfig */;
			buildSettings = {
				ASSETCATALOG_COMPILER_APPICON_NAME = AppIcon;
				ASSETCATALOG_COMPILER_GLOBAL_ACCENT_COLOR_NAME = AccentColor;
				CODE_SIGN_STYLE = Automatic;
				CURRENT_PROJECT_VERSION = 1;
				DEVELOPMENT_TEAM = FQ8MLNCZ73;
				GENERATE_INFOPLIST_FILE = YES;
				INFOPLIST_FILE = ToDoApp/Info.plist;
				INFOPLIST_KEY_UIApplicationSupportsIndirectInputEvents = YES;
				INFOPLIST_KEY_UILaunchStoryboardName = LaunchScreen;
				INFOPLIST_KEY_UISupportedInterfaceOrientations = UIInterfaceOrientationPortrait;
				INFOPLIST_KEY_UISupportedInterfaceOrientations_iPad = "UIInterfaceOrientationPortrait UIInterfaceOrientationPortraitUpsideDown UIInterfaceOrientationLandscapeLeft UIInterfaceOrientationLandscapeRight";
				INFOPLIST_KEY_UISupportedInterfaceOrientations_iPhone = "UIInterfaceOrientationPortrait UIInterfaceOrientationLandscapeLeft UIInterfaceOrientationLandscapeRight";
				IPHONEOS_DEPLOYMENT_TARGET = 14.0;
				LD_RUNPATH_SEARCH_PATHS = (
					"$(inherited)",
					"@executable_path/Frameworks",
				);
				MARKETING_VERSION = 1.0;
				PRODUCT_BUNDLE_IDENTIFIER = ViktorKulia.ToDoApp;
				PRODUCT_NAME = "$(TARGET_NAME)";
				SWIFT_EMIT_LOC_STRINGS = YES;
				SWIFT_VERSION = 5.0;
				TARGETED_DEVICE_FAMILY = 1;
			};
			name = Debug;
		};
		5EB8896C281E918C00C3FCAA /* Release */ = {
			isa = XCBuildConfiguration;
			baseConfigurationReference = B9782E450D3ED1C0ED9A6B15 /* Pods-ToDoApp.release.xcconfig */;
			buildSettings = {
				ASSETCATALOG_COMPILER_APPICON_NAME = AppIcon;
				ASSETCATALOG_COMPILER_GLOBAL_ACCENT_COLOR_NAME = AccentColor;
				CODE_SIGN_STYLE = Automatic;
				CURRENT_PROJECT_VERSION = 1;
				DEVELOPMENT_TEAM = FQ8MLNCZ73;
				GENERATE_INFOPLIST_FILE = YES;
				INFOPLIST_FILE = ToDoApp/Info.plist;
				INFOPLIST_KEY_UIApplicationSupportsIndirectInputEvents = YES;
				INFOPLIST_KEY_UILaunchStoryboardName = LaunchScreen;
				INFOPLIST_KEY_UISupportedInterfaceOrientations = UIInterfaceOrientationPortrait;
				INFOPLIST_KEY_UISupportedInterfaceOrientations_iPad = "UIInterfaceOrientationPortrait UIInterfaceOrientationPortraitUpsideDown UIInterfaceOrientationLandscapeLeft UIInterfaceOrientationLandscapeRight";
				INFOPLIST_KEY_UISupportedInterfaceOrientations_iPhone = "UIInterfaceOrientationPortrait UIInterfaceOrientationLandscapeLeft UIInterfaceOrientationLandscapeRight";
				IPHONEOS_DEPLOYMENT_TARGET = 14.0;
				LD_RUNPATH_SEARCH_PATHS = (
					"$(inherited)",
					"@executable_path/Frameworks",
				);
				MARKETING_VERSION = 1.0;
				PRODUCT_BUNDLE_IDENTIFIER = ViktorKulia.ToDoApp;
				PRODUCT_NAME = "$(TARGET_NAME)";
				SWIFT_EMIT_LOC_STRINGS = YES;
				SWIFT_VERSION = 5.0;
				TARGETED_DEVICE_FAMILY = 1;
			};
			name = Release;
		};
/* End XCBuildConfiguration section */

/* Begin XCConfigurationList section */
		5EB88951281E918600C3FCAA /* Build configuration list for PBXProject "ToDoApp" */ = {
			isa = XCConfigurationList;
			buildConfigurations = (
				5EB88968281E918C00C3FCAA /* Debug */,
				5EB88969281E918C00C3FCAA /* Release */,
			);
			defaultConfigurationIsVisible = 0;
			defaultConfigurationName = Release;
		};
		5EB8896A281E918C00C3FCAA /* Build configuration list for PBXNativeTarget "ToDoApp" */ = {
			isa = XCConfigurationList;
			buildConfigurations = (
				5EB8896B281E918C00C3FCAA /* Debug */,
				5EB8896C281E918C00C3FCAA /* Release */,
			);
			defaultConfigurationIsVisible = 0;
			defaultConfigurationName = Release;
		};
/* End XCConfigurationList section */
	};
	rootObject = 5EB8894E281E918600C3FCAA /* Project object */;
}
